Microsoft Visual Studio Solution File, Format Version 12.00
# Visual Studio Version 17
VisualStudioVersion = 17.5.2.0
MinimumVisualStudioVersion = 10.0.40219.1
Project("{FAE04EC0-301F-11D3-BF4B-00C04F79EFBC}") = "HospitalSystem.Api", "HospitalSystem.Api.csproj", "{A9420894-76F3-2D44-D863-FD0E12110A6A}"
EndProject
Global
	GlobalSection(SolutionConfigurationPlatforms) = preSolution
		Debug|Any CPU = Debug|Any CPU
		Release|Any CPU = Release|Any CPU
	EndGlobalSection
	GlobalSection(ProjectConfigurationPlatforms) = postSolution
		{A9420894-76F3-2D44-D863-FD0E12110A6A}.Debug|Any CPU.ActiveCfg = Debug|Any CPU
		{A9420894-76F3-2D44-D863-FD0E12110A6A}.Debug|Any CPU.Build.0 = Debug|Any CPU
		{A9420894-76F3-2D44-D863-FD0E12110A6A}.Release|Any CPU.ActiveCfg = Release|Any CPU
		{A9420894-76F3-2D44-D863-FD0E12110A6A}.Release|Any CPU.Build.0 = Release|Any CPU
	EndGlobalSection
	GlobalSection(SolutionProperties) = preSolution
		HideSolutionNode = FALSE
	EndGlobalSection
	GlobalSection(ExtensibilityGlobals) = postSolution
		SolutionGuid = {38BE7CA8-6497-4497-B421-E321B825B5AF}
	EndGlobalSection
EndGlobal
