Microsoft Visual Studio Solution File, Format Version 12.00
# Visual Studio Version 17
VisualStudioVersion = 17.5.2.0
MinimumVisualStudioVersion = 10.0.40219.1
Project("{FAE04EC0-301F-11D3-BF4B-00C04F79EFBC}") = "02-notes-api", "02-notes-api.csproj", "{F7E08B0D-91B6-850C-4708-FF69D7ED860C}"
EndProject
Global
	GlobalSection(SolutionConfigurationPlatforms) = preSolution
		Debug|Any CPU = Debug|Any CPU
		Release|Any CPU = Release|Any CPU
	EndGlobalSection
	GlobalSection(ProjectConfigurationPlatforms) = postSolution
		{F7E08B0D-91B6-850C-4708-FF69D7ED860C}.Debug|Any CPU.ActiveCfg = Debug|Any CPU
		{F7E08B0D-91B6-850C-4708-FF69D7ED860C}.Debug|Any CPU.Build.0 = Debug|Any CPU
		{F7E08B0D-91B6-850C-4708-FF69D7ED860C}.Release|Any CPU.ActiveCfg = Release|Any CPU
		{F7E08B0D-91B6-850C-4708-FF69D7ED860C}.Release|Any CPU.Build.0 = Release|Any CPU
	EndGlobalSection
	GlobalSection(SolutionProperties) = preSolution
		HideSolutionNode = FALSE
	EndGlobalSection
	GlobalSection(ExtensibilityGlobals) = postSolution
		SolutionGuid = {E4915AA5-B003-4074-AD1C-0A564EA9AA71}
	EndGlobalSection
EndGlobal
